Microsoft Visual Studio Solution File, Format Version 12.00
# Visual Studio 15
VisualStudioVersion = 15.0.26124.0
MinimumVisualStudioVersion = 15.0.26124.0
Project("{9A19103F-16F7-4668-BE54-9A1E7A4F7556}") = "CivOne", "CivOne.csproj", "{7CFB5180-C007-480E-89C5-6DFB25FD3989}"
EndProject
Project("{9A19103F-16F7-4668-BE54-9A1E7A4F7556}") = "CivOne.UnitTests", "xunit\CivOne.UnitTests.csproj", "{2B28A770-95B4-4101-804F-A1B8038AECB8}"
EndProject
Project("{9A19103F-16F7-4668-BE54-9A1E7A4F7556}") = "CivOne.API", "api\CivOne.API.csproj", "{FDB7265F-B0A0-454E-9A34-47427CE619D8}"
EndProject
Project("{2150E333-8FDC-42A3-9474-1A3956D46DE8}") = "runtime", "runtime", "{4052B028-E04B-4794-B217-98ADEF4D1D11}"
EndProject
Project("{9A19103F-16F7-4668-BE54-9A1E7A4F7556}") = "CivOne.SDL", "runtime\sdl\CivOne.SDL.csproj", "{8BE1D37B-A67C-4918-A33C-BA80470DF1C9}"
EndProject
Global
	GlobalSection(SolutionConfigurationPlatforms) = preSolution
		Debug|Any CPU = Debug|Any CPU
		Debug|x64 = Debug|x64
		Debug|x86 = Debug|x86
		Release|Any CPU = Release|Any CPU
		Release|x64 = Release|x64
		Release|x86 = Release|x86
	EndGlobalSection
	GlobalSection(ProjectConfigurationPlatforms) = postSolution
		{7CFB5180-C007-480E-89C5-6DFB25FD3989}.Debug|Any CPU.ActiveCfg = Debug|Any CPU
		{7CFB5180-C007-480E-89C5-6DFB25FD3989}.Debug|Any CPU.Build.0 = Debug|Any CPU
		{7CFB5180-C007-480E-89C5-6DFB25FD3989}.Debug|x64.ActiveCfg = Debug|Any CPU
		{7CFB5180-C007-480E-89C5-6DFB25FD3989}.Debug|x64.Build.0 = Debug|Any CPU
		{7CFB5180-C007-480E-89C5-6DFB25FD3989}.Debug|x86.ActiveCfg = Debug|Any CPU
		{7CFB5180-C007-480E-89C5-6DFB25FD3989}.Debug|x86.Build.0 = Debug|Any CPU
		{7CFB5180-C007-480E-89C5-6DFB25FD3989}.Release|Any CPU.ActiveCfg = Release|Any CPU
		{7CFB5180-C007-480E-89C5-6DFB25FD3989}.Release|Any CPU.Build.0 = Release|Any CPU
		{7CFB5180-C007-480E-89C5-6DFB25FD3989}.Release|x64.ActiveCfg = Release|Any CPU
		{7CFB5180-C007-480E-89C5-6DFB25FD3989}.Release|x64.Build.0 = Release|Any CPU
		{7CFB5180-C007-480E-89C5-6DFB25FD3989}.Release|x86.ActiveCfg = Release|Any CPU
		{7CFB5180-C007-480E-89C5-6DFB25FD3989}.Release|x86.Build.0 = Release|Any CPU
		{2B28A770-95B4-4101-804F-A1B8038AECB8}.Debug|Any CPU.ActiveCfg = Debug|Any CPU
		{2B28A770-95B4-4101-804F-A1B8038AECB8}.Debug|Any CPU.Build.0 = Debug|Any CPU
		{2B28A770-95B4-4101-804F-A1B8038AECB8}.Debug|x64.ActiveCfg = Debug|Any CPU
		{2B28A770-95B4-4101-804F-A1B8038AECB8}.Debug|x64.Build.0 = Debug|Any CPU
		{2B28A770-95B4-4101-804F-A1B8038AECB8}.Debug|x86.ActiveCfg = Debug|Any CPU
		{2B28A770-95B4-4101-804F-A1B8038AECB8}.Debug|x86.Build.0 = Debug|Any CPU
		{2B28A770-95B4-4101-804F-A1B8038AECB8}.Release|Any CPU.ActiveCfg = Release|Any CPU
		{2B28A770-95B4-4101-804F-A1B8038AECB8}.Release|Any CPU.Build.0 = Release|Any CPU
		{2B28A770-95B4-4101-804F-A1B8038AECB8}.Release|x64.ActiveCfg = Release|Any CPU
		{2B28A770-95B4-4101-804F-A1B8038AECB8}.Release|x64.Build.0 = Release|Any CPU
		{2B28A770-95B4-4101-804F-A1B8038AECB8}.Release|x86.ActiveCfg = Release|Any CPU
		{2B28A770-95B4-4101-804F-A1B8038AECB8}.Release|x86.Build.0 = Release|Any CPU
		{FDB7265F-B0A0-454E-9A34-47427CE619D8}.Debug|Any CPU.ActiveCfg = Debug|Any CPU
		{FDB7265F-B0A0-454E-9A34-47427CE619D8}.Debug|Any CPU.Build.0 = Debug|Any CPU
		{FDB7265F-B0A0-454E-9A34-47427CE619D8}.Debug|x64.ActiveCfg = Debug|Any CPU
		{FDB7265F-B0A0-454E-9A34-47427CE619D8}.Debug|x64.Build.0 = Debug|Any CPU
		{FDB7265F-B0A0-454E-9A34-47427CE619D8}.Debug|x86.ActiveCfg = Debug|Any CPU
		{FDB7265F-B0A0-454E-9A34-47427CE619D8}.Debug|x86.Build.0 = Debug|Any CPU
		{FDB7265F-B0A0-454E-9A34-47427CE619D8}.Release|Any CPU.ActiveCfg = Release|Any CPU
		{FDB7265F-B0A0-454E-9A34-47427CE619D8}.Release|Any CPU.Build.0 = Release|Any CPU
		{FDB7265F-B0A0-454E-9A34-47427CE619D8}.Release|x64.ActiveCfg = Release|Any CPU
		{FDB7265F-B0A0-454E-9A34-47427CE619D8}.Release|x64.Build.0 = Release|Any CPU
		{FDB7265F-B0A0-454E-9A34-47427CE619D8}.Release|x86.ActiveCfg = Release|Any CPU
		{FDB7265F-B0A0-454E-9A34-47427CE619D8}.Release|x86.Build.0 = Release|Any CPU
		{8BE1D37B-A67C-4918-A33C-BA80470DF1C9}.Debug|Any CPU.ActiveCfg = Debug|Any CPU
		{8BE1D37B-A67C-4918-A33C-BA80470DF1C9}.Debug|Any CPU.Build.0 = Debug|Any CPU
		{8BE1D37B-A67C-4918-A33C-BA80470DF1C9}.Debug|x64.ActiveCfg = Debug|Any CPU
		{8BE1D37B-A67C-4918-A33C-BA80470DF1C9}.Debug|x64.Build.0 = Debug|Any CPU
		{8BE1D37B-A67C-4918-A33C-BA80470DF1C9}.Debug|x86.ActiveCfg = Debug|Any CPU
		{8BE1D37B-A67C-4918-A33C-BA80470DF1C9}.Debug|x86.Build.0 = Debug|Any CPU
		{8BE1D37B-A67C-4918-A33C-BA80470DF1C9}.Release|Any CPU.ActiveCfg = Release|Any CPU
		{8BE1D37B-A67C-4918-A33C-BA80470DF1C9}.Release|Any CPU.Build.0 = Release|Any CPU
		{8BE1D37B-A67C-4918-A33C-BA80470DF1C9}.Release|x64.ActiveCfg = Release|Any CPU
		{8BE1D37B-A67C-4918-A33C-BA80470DF1C9}.Release|x64.Build.0 = Release|Any CPU
		{8BE1D37B-A67C-4918-A33C-BA80470DF1C9}.Release|x86.ActiveCfg = Release|Any CPU
		{8BE1D37B-A67C-4918-A33C-BA80470DF1C9}.Release|x86.Build.0 = Release|Any CPU
	EndGlobalSection
	GlobalSection(SolutionProperties) = preSolution
		HideSolutionNode = FALSE
	EndGlobalSection
	GlobalSection(NestedProjects) = preSolution
		{8BE1D37B-A67C-4918-A33C-BA80470DF1C9} = {4052B028-E04B-4794-B217-98ADEF4D1D11}
	EndGlobalSection
	GlobalSection(ExtensibilityGlobals) = postSolution
		SolutionGuid = {A381C331-C86D-4D52-9C4A-D8300B63DEB2}
	EndGlobalSection
EndGlobal
